
Microsoft Visual Studio Solution File, Format Version 12.00
# Visual Studio Version 17
VisualStudioVersion = 17.3.32811.315
MinimumVisualStudioVersion = 10.0.40219.1
Project("{9A19103F-16F7-4668-BE54-9A1E7A4F7556}") = "Lambda.Core", "Lambda.Core\Lambda.Core.csproj", "{48A419CA-C033-4053-9365-9FBCFD2FF1EE}"
EndProject
Project("{9A19103F-16F7-4668-BE54-9A1E7A4F7556}") = "Helios", "Helios\Helios.csproj", "{BA82D7A6-0A52-49B1-968C-424D31E95267}"
EndProject
Project("{9A19103F-16F7-4668-BE54-9A1E7A4F7556}") = "Lambda.ServiceController", "Lambda.ServiceController\Lambda.ServiceController.csproj", "{1901D94C-D52B-4128-B320-B7B3E0548A25}"
EndProject
Global
	GlobalSection(SolutionConfigurationPlatforms) = preSolution
		Debug|Any CPU = Debug|Any CPU
		Release|Any CPU = Release|Any CPU
	EndGlobalSection
	GlobalSection(ProjectConfigurationPlatforms) = postSolution
		{48A419CA-C033-4053-9365-9FBCFD2FF1EE}.Debug|Any CPU.ActiveCfg = Debug|Any CPU
		{48A419CA-C033-4053-9365-9FBCFD2FF1EE}.Debug|Any CPU.Build.0 = Debug|Any CPU
		{48A419CA-C033-4053-9365-9FBCFD2FF1EE}.Release|Any CPU.ActiveCfg = Release|Any CPU
		{48A419CA-C033-4053-9365-9FBCFD2FF1EE}.Release|Any CPU.Build.0 = Release|Any CPU
		{BA82D7A6-0A52-49B1-968C-424D31E95267}.Debug|Any CPU.ActiveCfg = Debug|Any CPU
		{BA82D7A6-0A52-49B1-968C-424D31E95267}.Debug|Any CPU.Build.0 = Debug|Any CPU
		{BA82D7A6-0A52-49B1-968C-424D31E95267}.Release|Any CPU.ActiveCfg = Release|Any CPU
		{BA82D7A6-0A52-49B1-968C-424D31E95267}.Release|Any CPU.Build.0 = Release|Any CPU
		{1901D94C-D52B-4128-B320-B7B3E0548A25}.Debug|Any CPU.ActiveCfg = Debug|Any CPU
		{1901D94C-D52B-4128-B320-B7B3E0548A25}.Debug|Any CPU.Build.0 = Debug|Any CPU
		{1901D94C-D52B-4128-B320-B7B3E0548A25}.Release|Any CPU.ActiveCfg = Release|Any CPU
		{1901D94C-D52B-4128-B320-B7B3E0548A25}.Release|Any CPU.Build.0 = Release|Any CPU
	EndGlobalSection
	GlobalSection(SolutionProperties) = preSolution
		HideSolutionNode = FALSE
	EndGlobalSection
	GlobalSection(ExtensibilityGlobals) = postSolution
		SolutionGuid = {ED376EB6-DC0B-47C3-8910-73A5E5473D92}
	EndGlobalSection
EndGlobal
